// !$*UTF8*$!
{
	archiveVersion = 1;
	classes = {
	};
	objectVersion = 77;
	objects = {

/* Begin PBXContainerItemProxy section */
		DA3394EF2D59B6F8002C041E /* PBXContainerItemProxy */ = {
			isa = PBXContainerItemProxy;
			containerPortal = DA3394D62D59B6F6002C041E /* Project object */;
			proxyType = 1;
			remoteGlobalIDString = DA3394DD2D59B6F6002C041E;
			remoteInfo = SwiftuiDay01ex04;
		};
		DA3394F92D59B6F8002C041E /* PBXContainerItemProxy */ = {
			isa = PBXContainerItemProxy;
			containerPortal = DA3394D62D59B6F6002C041E /* Project object */;
			proxyType = 1;
			remoteGlobalIDString = DA3394DD2D59B6F6002C041E;
			remoteInfo = SwiftuiDay01ex04;
		};
/* End PBXContainerItemProxy section */

/* Begin PBXFileReference section */
		DA3394DE2D59B6F6002C041E /* SwiftuiDay01ex04.app */ = {isa = PBXFileReference; explicitFileType = wrapper.application; includeInIndex = 0; path = SwiftuiDay01ex04.app; sourceTree = BUILT_PRODUCTS_DIR; };
		DA3394EE2D59B6F8002C041E /* SwiftuiDay01ex04Tests.xctest */ = {isa = PBXFileReference; explicitFileType = wrapper.cfbundle; includeInIndex = 0; path = SwiftuiDay01ex04Tests.xctest; sourceTree = BUILT_PRODUCTS_DIR; };
		DA3394F82D59B6F8002C041E /* SwiftuiDay01ex04UITests.xctest */ = {isa = PBXFileReference; explicitFileType = wrapper.cfbundle; includeInIndex = 0; path = SwiftuiDay01ex04UITests.xctest; sourceTree = BUILT_PRODUCTS_DIR; };
/* End PBXFileReference section */

/* Begin PBXFileSystemSynchronizedRootGroup section */
		DA3394E02D59B6F6002C041E /* SwiftuiDay01ex04 */ = {
			isa = PBXFileSystemSynchronizedRootGroup;
			path = SwiftuiDay01ex04;
			sourceTree = "<group>";
		};
		DA3394F12D59B6F8002C041E /* SwiftuiDay01ex04Tests */ = {
			isa = PBXFileSystemSynchronizedRootGroup;
			path = SwiftuiDay01ex04Tests;
			sourceTree = "<group>";
		};
		DA3394FB2D59B6F8002C041E /* SwiftuiDay01ex04UITests */ = {
			isa = PBXFileSystemSynchronizedRootGroup;
			path = SwiftuiDay01ex04UITests;
			sourceTree = "<group>";
		};
/* End PBXFileSystemSynchronizedRootGroup section */

/* Begin PBXFrameworksBuildPhase section */
		DA3394DB2D59B6F6002C041E /* Frameworks */ = {
			isa = PBXFrameworksBuildPhase;
			buildActionMask = 2147483647;
			files = (
			);
			runOnlyForDeploymentPostprocessing = 0;
		};
		DA3394EB2D59B6F8002C041E /* Frameworks */ = {
			isa = PBXFrameworksBuildPhase;
			buildActionMask = 2147483647;
			files = (
			);
			runOnlyForDeploymentPostprocessing = 0;
		};
		DA3394F52D59B6F8002C041E /* Frameworks */ = {
			isa = PBXFrameworksBuildPhase;
			buildActionMask = 2147483647;
			files = (
			);
			runOnlyForDeploymentPostprocessing = 0;
		};
/* End PBXFrameworksBuildPhase section */

/* Begin PBXGroup section */
		DA3394D52D59B6F6002C041E = {
			isa = PBXGroup;
			children = (
				DA3394E02D59B6F6002C041E /* SwiftuiDay01ex04 */,
				DA3394F12D59B6F8002C041E /* SwiftuiDay01ex04Tests */,
				DA3394FB2D59B6F8002C041E /* SwiftuiDay01ex04UITests */,
				DA3394DF2D59B6F6002C041E /* Products */,
			);
			sourceTree = "<group>";
		};
		DA3394DF2D59B6F6002C041E /* Products */ = {
			isa = PBXGroup;
			children = (
				DA3394DE2D59B6F6002C041E /* SwiftuiDay01ex04.app */,
				DA3394EE2D59B6F8002C041E /* SwiftuiDay01ex04Tests.xctest */,
				DA3394F82D59B6F8002C041E /* SwiftuiDay01ex04UITests.xctest */,
			);
			name = Products;
			sourceTree = "<group>";
		};
/* End PBXGroup section */

/* Begin PBXNativeTarget section */
		DA3394DD2D59B6F6002C041E /* SwiftuiDay01ex04 */ = {
			isa = PBXNativeTarget;
			buildConfigurationList = DA3395022D59B6F8002C041E /* Build configuration list for PBXNativeTarget "SwiftuiDay01ex04" */;
			buildPhases = (
				DA3394DA2D59B6F6002C041E /* Sources */,
				DA3394DB2D59B6F6002C041E /* Frameworks */,
				DA3394DC2D59B6F6002C041E /* Resources */,
			);
			buildRules = (
			);
			dependencies = (
			);
			fileSystemSynchronizedGroups = (
				DA3394E02D59B6F6002C041E /* SwiftuiDay01ex04 */,
			);
			name = SwiftuiDay01ex04;
			packageProductDependencies = (
			);
			productName = SwiftuiDay01ex04;
			productReference = DA3394DE2D59B6F6002C041E /* SwiftuiDay01ex04.app */;
			productType = "com.apple.product-type.application";
		};
		DA3394ED2D59B6F8002C041E /* SwiftuiDay01ex04Tests */ = {
			isa = PBXNativeTarget;
			buildConfigurationList = DA3395052D59B6F8002C041E /* Build configuration list for PBXNativeTarget "SwiftuiDay01ex04Tests" */;
			buildPhases = (
				DA3394EA2D59B6F8002C041E /* Sources */,
				DA3394EB2D59B6F8002C041E /* Frameworks */,
				DA3394EC2D59B6F8002C041E /* Resources */,
			);
			buildRules = (
			);
			dependencies = (
				DA3394F02D59B6F8002C041E /* PBXTargetDependency */,
			);
			fileSystemSynchronizedGroups = (
				DA3394F12D59B6F8002C041E /* SwiftuiDay01ex04Tests */,
			);
			name = SwiftuiDay01ex04Tests;
			packageProductDependencies = (
			);
			productName = SwiftuiDay01ex04Tests;
			productReference = DA3394EE2D59B6F8002C041E /* SwiftuiDay01ex04Tests.xctest */;
			productType = "com.apple.product-type.bundle.unit-test";
		};
		DA3394F72D59B6F8002C041E /* SwiftuiDay01ex04UITests */ = {
			isa = PBXNativeTarget;
			buildConfigurationList = DA3395082D59B6F8002C041E /* Build configuration list for PBXNativeTarget "SwiftuiDay01ex04UITests" */;
			buildPhases = (
				DA3394F42D59B6F8002C041E /* Sources */,
				DA3394F52D59B6F8002C041E /* Frameworks */,
				DA3394F62D59B6F8002C041E /* Resources */,
			);
			buildRules = (
			);
			dependencies = (
				DA3394FA2D59B6F8002C041E /* PBXTargetDependency */,
			);
			fileSystemSynchronizedGroups = (
				DA3394FB2D59B6F8002C041E /* SwiftuiDay01ex04UITests */,
			);
			name = SwiftuiDay01ex04UITests;
			packageProductDependencies = (
			);
			productName = SwiftuiDay01ex04UITests;
			productReference = DA3394F82D59B6F8002C041E /* SwiftuiDay01ex04UITests.xctest */;
			productType = "com.apple.product-type.bundle.ui-testing";
		};
/* End PBXNativeTarget section */

/* Begin PBXProject section */
		DA3394D62D59B6F6002C041E /* Project object */ = {
			isa = PBXProject;
			attributes = {
				BuildIndependentTargetsInParallel = 1;
				LastSwiftUpdateCheck = 1620;
				LastUpgradeCheck = 1620;
				TargetAttributes = {
					DA3394DD2D59B6F6002C041E = {
						CreatedOnToolsVersion = 16.2;
					};
					DA3394ED2D59B6F8002C041E = {
						CreatedOnToolsVersion = 16.2;
						TestTargetID = DA3394DD2D59B6F6002C041E;
					};
					DA3394F72D59B6F8002C041E = {
						CreatedOnToolsVersion = 16.2;
						TestTargetID = DA3394DD2D59B6F6002C041E;
					};
				};
			};
			buildConfigurationList = DA3394D92D59B6F6002C041E /* Build configuration list for PBXProject "SwiftuiDay01ex04" */;
			developmentRegion = en;
			hasScannedForEncodings = 0;
			knownRegions = (
				en,
				Base,
			);
			mainGroup = DA3394D52D59B6F6002C041E;
			minimizedProjectReferenceProxies = 1;
			preferredProjectObjectVersion = 77;
			productRefGroup = DA3394DF2D59B6F6002C041E /* Products */;
			projectDirPath = "";
			projectRoot = "";
			targets = (
				DA3394DD2D59B6F6002C041E /* SwiftuiDay01ex04 */,
				DA3394ED2D59B6F8002C041E /* SwiftuiDay01ex04Tests */,
				DA3394F72D59B6F8002C041E /* SwiftuiDay01ex04UITests */,
			);
		};
/* End PBXProject section */

/* Begin PBXResourcesBuildPhase section */
		DA3394DC2D59B6F6002C041E /* Resources */ = {
			isa = PBXResourcesBuildPhase;
			buildActionMask = 2147483647;
			files = (
			);
			runOnlyForDeploymentPostprocessing = 0;
		};
		DA3394EC2D59B6F8002C041E /* Resources */ = {
			isa = PBXResourcesBuildPhase;
			buildActionMask = 2147483647;
			files = (
			);
			runOnlyForDeploymentPostprocessing = 0;
		};
		DA3394F62D59B6F8002C041E /* Resources */ = {
			isa = PBXResourcesBuildPhase;
			buildActionMask = 2147483647;
			files = (
			);
			runOnlyForDeploymentPostprocessing = 0;
		};
/* End PBXResourcesBuildPhase section */

/* Begin PBXSourcesBuildPhase section */
		DA3394DA2D59B6F6002C041E /* Sources */ = {
			isa = PBXSourcesBuildPhase;
			buildActionMask = 2147483647;
			files = (
			);
			runOnlyForDeploymentPostprocessing = 0;
		};
		DA3394EA2D59B6F8002C041E /* Sources */ = {
			isa = PBXSourcesBuildPhase;
			buildActionMask = 2147483647;
			files = (
			);
			runOnlyForDeploymentPostprocessing = 0;
		};
		DA3394F42D59B6F8002C041E /* Sources */ = {
			isa = PBXSourcesBuildPhase;
			buildActionMask = 2147483647;
			files = (
			);
			runOnlyForDeploymentPostprocessing = 0;
		};
/* End PBXSourcesBuildPhase section */

/* Begin PBXTargetDependency section */
		DA3394F02D59B6F8002C041E /* PBXTargetDependency */ = {
			isa = PBXTargetDependency;
			target = DA3394DD2D59B6F6002C041E /* SwiftuiDay01ex04 */;
			targetProxy = DA3394EF2D59B6F8002C041E /* PBXContainerItemProxy */;
		};
		DA3394FA2D59B6F8002C041E /* PBXTargetDependency */ = {
			isa = PBXTargetDependency;
			target = DA3394DD2D59B6F6002C041E /* SwiftuiDay01ex04 */;
			targetProxy = DA3394F92D59B6F8002C041E /* PBXContainerItemProxy */;
		};
/* End PBXTargetDependency section */

/* Begin XCBuildConfiguration section */
		DA3395002D59B6F8002C041E /* Debug */ = {
			isa = XCBuildConfiguration;
			buildSettings = {
				ALWAYS_SEARCH_USER_PATHS = NO;
				ASSETCATALOG_COMPILER_GENERATE_SWIFT_ASSET_SYMBOL_EXTENSIONS = YES;
				CLANG_ANALYZER_NONNULL = YES;
				CLANG_ANALYZER_NUMBER_OBJECT_CONVERSION = YES_AGGRESSIVE;
				CLANG_CXX_LANGUAGE_STANDARD = "gnu++20";
				CLANG_ENABLE_MODULES = YES;
				CLANG_ENABLE_OBJC_ARC = YES;
				CLANG_ENABLE_OBJC_WEAK = YES;
				CLANG_WARN_BLOCK_CAPTURE_AUTORELEASING = YES;
				CLANG_WARN_BOOL_CONVERSION = YES;
				CLANG_WARN_COMMA = YES;
				CLANG_WARN_CONSTANT_CONVERSION = YES;
				CLANG_WARN_DEPRECATED_OBJC_IMPLEMENTATIONS = YES;
				CLANG_WARN_DIRECT_OBJC_ISA_USAGE = YES_ERROR;
				CLANG_WARN_DOCUMENTATION_COMMENTS = YES;
				CLANG_WARN_EMPTY_BODY = YES;
				CLANG_WARN_ENUM_CONVERSION = YES;
				CLANG_WARN_INFINITE_RECURSION = YES;
				CLANG_WARN_INT_CONVERSION = YES;
				CLANG_WARN_NON_LITERAL_NULL_CONVERSION = YES;
				CLANG_WARN_OBJC_IMPLICIT_RETAIN_SELF = YES;
				CLANG_WARN_OBJC_LITERAL_CONVERSION = YES;
				CLANG_WARN_OBJC_ROOT_CLASS = YES_ERROR;
				CLANG_WARN_QUOTED_INCLUDE_IN_FRAMEWORK_HEADER = YES;
				CLANG_WARN_RANGE_LOOP_ANALYSIS = YES;
				CLANG_WARN_STRICT_PROTOTYPES = YES;
				CLANG_WARN_SUSPICIOUS_MOVE = YES;
				CLANG_WARN_UNGUARDED_AVAILABILITY = YES_AGGRESSIVE;
				CLANG_WARN_UNREACHABLE_CODE = YES;
				CLANG_WARN__DUPLICATE_METHOD_MATCH = YES;
				COPY_PHASE_STRIP = NO;
				DEBUG_INFORMATION_FORMAT = dwarf;
				ENABLE_STRICT_OBJC_MSGSEND = YES;
				ENABLE_TESTABILITY = YES;
				ENABLE_USER_SCRIPT_SANDBOXING = YES;
				GCC_C_LANGUAGE_STANDARD = gnu17;
				GCC_DYNAMIC_NO_PIC = NO;
				GCC_NO_COMMON_BLOCKS = YES;
				GCC_OPTIMIZATION_LEVEL = 0;
				GCC_PREPROCESSOR_DEFINITIONS = (
					"DEBUG=1",
					"$(inherited)",
				);
				GCC_WARN_64_TO_32_BIT_CONVERSION = YES;
				GCC_WARN_ABOUT_RETURN_TYPE = YES_ERROR;
				GCC_WARN_UNDECLARED_SELECTOR = YES;
				GCC_WARN_UNINITIALIZED_AUTOS = YES_AGGRESSIVE;
				GCC_WARN_UNUSED_FUNCTION = YES;
				GCC_WARN_UNUSED_VARIABLE = YES;
				IPHONEOS_DEPLOYMENT_TARGET = 18.2;
				LOCALIZATION_PREFERS_STRING_CATALOGS = YES;
				MTL_ENABLE_DEBUG_INFO = INCLUDE_SOURCE;
				MTL_FAST_MATH = YES;
				ONLY_ACTIVE_ARCH = YES;
				SDKROOT = iphoneos;
				SWIFT_ACTIVE_COMPILATION_CONDITIONS = "DEBUG $(inherited)";
				SWIFT_OPTIMIZATION_LEVEL = "-Onone";
			};
			name = Debug;
		};
		DA3395012D59B6F8002C041E /* Release */ = {
			isa = XCBuildConfiguration;
			buildSettings = {
				ALWAYS_SEARCH_USER_PATHS = NO;
				ASSETCATALOG_COMPILER_GENERATE_SWIFT_ASSET_SYMBOL_EXTENSIONS = YES;
				CLANG_ANALYZER_NONNULL = YES;
				CLANG_ANALYZER_NUMBER_OBJECT_CONVERSION = YES_AGGRESSIVE;
				CLANG_CXX_LANGUAGE_STANDARD = "gnu++20";
				CLANG_ENABLE_MODULES = YES;
				CLANG_ENABLE_OBJC_ARC = YES;
				CLANG_ENABLE_OBJC_WEAK = YES;
				CLANG_WARN_BLOCK_CAPTURE_AUTORELEASING = YES;
				CLANG_WARN_BOOL_CONVERSION = YES;
				CLANG_WARN_COMMA = YES;
				CLANG_WARN_CONSTANT_CONVERSION = YES;
				CLANG_WARN_DEPRECATED_OBJC_IMPLEMENTATIONS = YES;
				CLANG_WARN_DIRECT_OBJC_ISA_USAGE = YES_ERROR;
				CLANG_WARN_DOCUMENTATION_COMMENTS = YES;
				CLANG_WARN_EMPTY_BODY = YES;
				CLANG_WARN_ENUM_CONVERSION = YES;
				CLANG_WARN_INFINITE_RECURSION = YES;
				CLANG_WARN_INT_CONVERSION = YES;
				CLANG_WARN_NON_LITERAL_NULL_CONVERSION = YES;
				CLANG_WARN_OBJC_IMPLICIT_RETAIN_SELF = YES;
				CLANG_WARN_OBJC_LITERAL_CONVERSION = YES;
				CLANG_WARN_OBJC_ROOT_CLASS = YES_ERROR;
				CLANG_WARN_QUOTED_INCLUDE_IN_FRAMEWORK_HEADER = YES;
				CLANG_WARN_RANGE_LOOP_ANALYSIS = YES;
				CLANG_WARN_STRICT_PROTOTYPES = YES;
				CLANG_WARN_SUSPICIOUS_MOVE = YES;
				CLANG_WARN_UNGUARDED_AVAILABILITY = YES_AGGRESSIVE;
				CLANG_WARN_UNREACHABLE_CODE = YES;
				CLANG_WARN__DUPLICATE_METHOD_MATCH = YES;
				COPY_PHASE_STRIP = NO;
				DEBUG_INFORMATION_FORMAT = "dwarf-with-dsym";
				ENABLE_NS_ASSERTIONS = NO;
				ENABLE_STRICT_OBJC_MSGSEND = YES;
				ENABLE_USER_SCRIPT_SANDBOXING = YES;
				GCC_C_LANGUAGE_STANDARD = gnu17;
				GCC_NO_COMMON_BLOCKS = YES;
				GCC_WARN_64_TO_32_BIT_CONVERSION = YES;
				GCC_WARN_ABOUT_RETURN_TYPE = YES_ERROR;
				GCC_WARN_UNDECLARED_SELECTOR = YES;
				GCC_WARN_UNINITIALIZED_AUTOS = YES_AGGRESSIVE;
				GCC_WARN_UNUSED_FUNCTION = YES;
				GCC_WARN_UNUSED_VARIABLE = YES;
				IPHONEOS_DEPLOYMENT_TARGET = 18.2;
				LOCALIZATION_PREFERS_STRING_CATALOGS = YES;
				MTL_ENABLE_DEBUG_INFO = NO;
				MTL_FAST_MATH = YES;
				SDKROOT = iphoneos;
				SWIFT_COMPILATION_MODE = wholemodule;
				VALIDATE_PRODUCT = YES;
			};
			name = Release;
		};
		DA3395032D59B6F8002C041E /* Debug */ = {
			isa = XCBuildConfiguration;
			buildSettings = {
				ASSETCATALOG_COMPILER_APPICON_NAME = AppIcon;
				ASSETCATALOG_COMPILER_GLOBAL_ACCENT_COLOR_NAME = AccentColor;
				CODE_SIGN_STYLE = Automatic;
				CURRENT_PROJECT_VERSION = 1;
				DEVELOPMENT_ASSET_PATHS = "\"SwiftuiDay01ex04/Preview Content\"";
				ENABLE_PREVIEWS = YES;
				GENERATE_INFOPLIST_FILE = YES;
				INFOPLIST_KEY_UIApplicationSceneManifest_Generation = YES;
				INFOPLIST_KEY_UIApplicationSupportsIndirectInputEvents = YES;
				INFOPLIST_KEY_UILaunchScreen_Generation = YES;
				INFOPLIST_KEY_UISupportedInterfaceOrientations_iPad = "UIInterfaceOrientationPortrait UIInterfaceOrientationPortraitUpsideDown UIInterfaceOrientationLandscapeLeft UIInterfaceOrientationLandscapeRight";
				INFOPLIST_KEY_UISupportedInterfaceOrientations_iPhone = "UIInterfaceOrientationPortrait UIInterfaceOrientationLandscapeLeft UIInterfaceOrientationLandscapeRight";
				LD_RUNPATH_SEARCH_PATHS = (
					"$(inherited)",
					"@executable_path/Frameworks",
				);
				MARKETING_VERSION = 1.0;
				PRODUCT_BUNDLE_IDENTIFIER = org.comstudy.myapp.SwiftuiDay01ex04;
				PRODUCT_NAME = "$(TARGET_NAME)";
				SWIFT_EMIT_LOC_STRINGS = YES;
				SWIFT_VERSION = 5.0;
				TARGETED_DEVICE_FAMILY = "1,2";
			};
			name = Debug;
		};
		DA3395042D59B6F8002C041E /* Release */ = {
			isa = XCBuildConfiguration;
			buildSettings = {
				ASSETCATALOG_COMPILER_APPICON_NAME = AppIcon;
				ASSETCATALOG_COMPILER_GLOBAL_ACCENT_COLOR_NAME = AccentColor;
				CODE_SIGN_STYLE = Automatic;
				CURRENT_PROJECT_VERSION = 1;
				DEVELOPMENT_ASSET_PATHS = "\"SwiftuiDay01ex04/Preview Content\"";
				ENABLE_PREVIEWS = YES;
				GENERATE_INFOPLIST_FILE = YES;
				INFOPLIST_KEY_UIApplicationSceneManifest_Generation = YES;
				INFOPLIST_KEY_UIApplicationSupportsIndirectInputEvents = YES;
				INFOPLIST_KEY_UILaunchScreen_Generation = YES;
				INFOPLIST_KEY_UISupportedInterfaceOrientations_iPad = "UIInterfaceOrientationPortrait UIInterfaceOrientationPortraitUpsideDown UIInterfaceOrientationLandscapeLeft UIInterfaceOrientationLandscapeRight";
				INFOPLIST_KEY_UISupportedInterfaceOrientations_iPhone = "UIInterfaceOrientationPortrait UIInterfaceOrientationLandscapeLeft UIInterfaceOrientationLandscapeRight";
				LD_RUNPATH_SEARCH_PATHS = (
					"$(inherited)",
					"@executable_path/Frameworks",
				);
				MARKETING_VERSION = 1.0;
				PRODUCT_BUNDLE_IDENTIFIER = org.comstudy.myapp.SwiftuiDay01ex04;
				PRODUCT_NAME = "$(TARGET_NAME)";
				SWIFT_EMIT_LOC_STRINGS = YES;
				SWIFT_VERSION = 5.0;
				TARGETED_DEVICE_FAMILY = "1,2";
			};
			name = Release;
		};
		DA3395062D59B6F8002C041E /* Debug */ = {
			isa = XCBuildConfiguration;
			buildSettings = {
				BUNDLE_LOADER = "$(TEST_HOST)";
				CODE_SIGN_STYLE = Automatic;
				CURRENT_PROJECT_VERSION = 1;
				GENERATE_INFOPLIST_FILE = YES;
				IPHONEOS_DEPLOYMENT_TARGET = 18.2;
				MARKETING_VERSION = 1.0;
				PRODUCT_BUNDLE_IDENTIFIER = org.comstudy.myapp.SwiftuiDay01ex04Tests;
				PRODUCT_NAME = "$(TARGET_NAME)";
				SWIFT_EMIT_LOC_STRINGS = NO;
				SWIFT_VERSION = 5.0;
				TARGETED_DEVICE_FAMILY = "1,2";
				TEST_HOST = "$(BUILT_PRODUCTS_DIR)/SwiftuiDay01ex04.app/$(BUNDLE_EXECUTABLE_FOLDER_PATH)/SwiftuiDay01ex04";
			};
			name = Debug;
		};
		DA3395072D59B6F8002C041E /* Release */ = {
			isa = XCBuildConfiguration;
			buildSettings = {
				BUNDLE_LOADER = "$(TEST_HOST)";
				CODE_SIGN_STYLE = Automatic;
				CURRENT_PROJECT_VERSION = 1;
				GENERATE_INFOPLIST_FILE = YES;
				IPHONEOS_DEPLOYMENT_TARGET = 18.2;
				MARKETING_VERSION = 1.0;
				PRODUCT_BUNDLE_IDENTIFIER = org.comstudy.myapp.SwiftuiDay01ex04Tests;
				PRODUCT_NAME = "$(TARGET_NAME)";
				SWIFT_EMIT_LOC_STRINGS = NO;
				SWIFT_VERSION = 5.0;
				TARGETED_DEVICE_FAMILY = "1,2";
				TEST_HOST = "$(BUILT_PRODUCTS_DIR)/SwiftuiDay01ex04.app/$(BUNDLE_EXECUTABLE_FOLDER_PATH)/SwiftuiDay01ex04";
			};
			name = Release;
		};
		DA3395092D59B6F8002C041E /* Debug */ = {
			isa = XCBuildConfiguration;
			buildSettings = {
				CODE_SIGN_STYLE = Automatic;
				CURRENT_PROJECT_VERSION = 1;
				GENERATE_INFOPLIST_FILE = YES;
				MARKETING_VERSION = 1.0;
				PRODUCT_BUNDLE_IDENTIFIER = org.comstudy.myapp.SwiftuiDay01ex04UITests;
				PRODUCT_NAME = "$(TARGET_NAME)";
				SWIFT_EMIT_LOC_STRINGS = NO;
				SWIFT_VERSION = 5.0;
				TARGETED_DEVICE_FAMILY = "1,2";
				TEST_TARGET_NAME = SwiftuiDay01ex04;
			};
			name = Debug;
		};
		DA33950A2D59B6F8002C041E /* Release */ = {
			isa = XCBuildConfiguration;
			buildSettings = {
				CODE_SIGN_STYLE = Automatic;
				CURRENT_PROJECT_VERSION = 1;
				GENERATE_INFOPLIST_FILE = YES;
				MARKETING_VERSION = 1.0;
				PRODUCT_BUNDLE_IDENTIFIER = org.comstudy.myapp.SwiftuiDay01ex04UITests;
				PRODUCT_NAME = "$(TARGET_NAME)";
				SWIFT_EMIT_LOC_STRINGS = NO;
				SWIFT_VERSION = 5.0;
				TARGETED_DEVICE_FAMILY = "1,2";
				TEST_TARGET_NAME = SwiftuiDay01ex04;
			};
			name = Release;
		};
/* End XCBuildConfiguration section */

/* Begin XCConfigurationList section */
		DA3394D92D59B6F6002C041E /* Build configuration list for PBXProject "SwiftuiDay01ex04" */ = {
			isa = XCConfigurationList;
			buildConfigurations = (
				DA3395002D59B6F8002C041E /* Debug */,
				DA3395012D59B6F8002C041E /* Release */,
			);
			defaultConfigurationIsVisible = 0;
			defaultConfigurationName = Release;
		};
		DA3395022D59B6F8002C041E /* Build configuration list for PBXNativeTarget "SwiftuiDay01ex04" */ = {
			isa = XCConfigurationList;
			buildConfigurations = (
				DA3395032D59B6F8002C041E /* Debug */,
				DA3395042D59B6F8002C041E /* Release */,
			);
			defaultConfigurationIsVisible = 0;
			defaultConfigurationName = Release;
		};
		DA3395052D59B6F8002C041E /* Build configuration list for PBXNativeTarget "SwiftuiDay01ex04Tests" */ = {
			isa = XCConfigurationList;
			buildConfigurations = (
				DA3395062D59B6F8002C041E /* Debug */,
				DA3395072D59B6F8002C041E /* Release */,
			);
			defaultConfigurationIsVisible = 0;
			defaultConfigurationName = Release;
		};
		DA3395082D59B6F8002C041E /* Build configuration list for PBXNativeTarget "SwiftuiDay01ex04UITests" */ = {
			isa = XCConfigurationList;
			buildConfigurations = (
				DA3395092D59B6F8002C041E /* Debug */,
				DA33950A2D59B6F8002C041E /* Release */,
			);
			defaultConfigurationIsVisible = 0;
			defaultConfigurationName = Release;
		};
/* End XCConfigurationList section */
	};
	rootObject = DA3394D62D59B6F6002C041E /* Project object */;
}
