// !$*UTF8*$!
{
	archiveVersion = 1;
	classes = {
	};
	objectVersion = 77;
	objects = {

/* Begin PBXContainerItemProxy section */
		DAB652CA2D62ED1E0048A42C /* PBXContainerItemProxy */ = {
			isa = PBXContainerItemProxy;
			containerPortal = DAB652B12D62ED1D0048A42C /* Project object */;
			proxyType = 1;
			remoteGlobalIDString = DAB652B82D62ED1D0048A42C;
			remoteInfo = ScoreBaseball01;
		};
		DAB652D42D62ED1E0048A42C /* PBXContainerItemProxy */ = {
			isa = PBXContainerItemProxy;
			containerPortal = DAB652B12D62ED1D0048A42C /* Project object */;
			proxyType = 1;
			remoteGlobalIDString = DAB652B82D62ED1D0048A42C;
			remoteInfo = ScoreBaseball01;
		};
/* End PBXContainerItemProxy section */

/* Begin PBXFileReference section */
		DAB652B92D62ED1D0048A42C /* ScoreBaseball01.app */ = {isa = PBXFileReference; explicitFileType = wrapper.application; includeInIndex = 0; path = ScoreBaseball01.app; sourceTree = BUILT_PRODUCTS_DIR; };
		DAB652C92D62ED1E0048A42C /* ScoreBaseball01Tests.xctest */ = {isa = PBXFileReference; explicitFileType = wrapper.cfbundle; includeInIndex = 0; path = ScoreBaseball01Tests.xctest; sourceTree = BUILT_PRODUCTS_DIR; };
		DAB652D32D62ED1E0048A42C /* ScoreBaseball01UITests.xctest */ = {isa = PBXFileReference; explicitFileType = wrapper.cfbundle; includeInIndex = 0; path = ScoreBaseball01UITests.xctest; sourceTree = BUILT_PRODUCTS_DIR; };
/* End PBXFileReference section */

/* Begin PBXFileSystemSynchronizedRootGroup section */
		DAB652BB2D62ED1D0048A42C /* ScoreBaseball01 */ = {
			isa = PBXFileSystemSynchronizedRootGroup;
			path = ScoreBaseball01;
			sourceTree = "<group>";
		};
		DAB652CC2D62ED1E0048A42C /* ScoreBaseball01Tests */ = {
			isa = PBXFileSystemSynchronizedRootGroup;
			path = ScoreBaseball01Tests;
			sourceTree = "<group>";
		};
		DAB652D62D62ED1E0048A42C /* ScoreBaseball01UITests */ = {
			isa = PBXFileSystemSynchronizedRootGroup;
			path = ScoreBaseball01UITests;
			sourceTree = "<group>";
		};
/* End PBXFileSystemSynchronizedRootGroup section */

/* Begin PBXFrameworksBuildPhase section */
		DAB652B62D62ED1D0048A42C /* Frameworks */ = {
			isa = PBXFrameworksBuildPhase;
			buildActionMask = 2147483647;
			files = (
			);
			runOnlyForDeploymentPostprocessing = 0;
		};
		DAB652C62D62ED1E0048A42C /* Frameworks */ = {
			isa = PBXFrameworksBuildPhase;
			buildActionMask = 2147483647;
			files = (
			);
			runOnlyForDeploymentPostprocessing = 0;
		};
		DAB652D02D62ED1E0048A42C /* Frameworks */ = {
			isa = PBXFrameworksBuildPhase;
			buildActionMask = 2147483647;
			files = (
			);
			runOnlyForDeploymentPostprocessing = 0;
		};
/* End PBXFrameworksBuildPhase section */

/* Begin PBXGroup section */
		DAB652B02D62ED1D0048A42C = {
			isa = PBXGroup;
			children = (
				DAB652BB2D62ED1D0048A42C /* ScoreBaseball01 */,
				DAB652CC2D62ED1E0048A42C /* ScoreBaseball01Tests */,
				DAB652D62D62ED1E0048A42C /* ScoreBaseball01UITests */,
				DAB652BA2D62ED1D0048A42C /* Products */,
			);
			sourceTree = "<group>";
		};
		DAB652BA2D62ED1D0048A42C /* Products */ = {
			isa = PBXGroup;
			children = (
				DAB652B92D62ED1D0048A42C /* ScoreBaseball01.app */,
				DAB652C92D62ED1E0048A42C /* ScoreBaseball01Tests.xctest */,
				DAB652D32D62ED1E0048A42C /* ScoreBaseball01UITests.xctest */,
			);
			name = Products;
			sourceTree = "<group>";
		};
/* End PBXGroup section */

/* Begin PBXNativeTarget section */
		DAB652B82D62ED1D0048A42C /* ScoreBaseball01 */ = {
			isa = PBXNativeTarget;
			buildConfigurationList = DAB652DD2D62ED1E0048A42C /* Build configuration list for PBXNativeTarget "ScoreBaseball01" */;
			buildPhases = (
				DAB652B52D62ED1D0048A42C /* Sources */,
				DAB652B62D62ED1D0048A42C /* Frameworks */,
				DAB652B72D62ED1D0048A42C /* Resources */,
			);
			buildRules = (
			);
			dependencies = (
			);
			fileSystemSynchronizedGroups = (
				DAB652BB2D62ED1D0048A42C /* ScoreBaseball01 */,
			);
			name = ScoreBaseball01;
			packageProductDependencies = (
			);
			productName = ScoreBaseball01;
			productReference = DAB652B92D62ED1D0048A42C /* ScoreBaseball01.app */;
			productType = "com.apple.product-type.application";
		};
		DAB652C82D62ED1E0048A42C /* ScoreBaseball01Tests */ = {
			isa = PBXNativeTarget;
			buildConfigurationList = DAB652E02D62ED1E0048A42C /* Build configuration list for PBXNativeTarget "ScoreBaseball01Tests" */;
			buildPhases = (
				DAB652C52D62ED1E0048A42C /* Sources */,
				DAB652C62D62ED1E0048A42C /* Frameworks */,
				DAB652C72D62ED1E0048A42C /* Resources */,
			);
			buildRules = (
			);
			dependencies = (
				DAB652CB2D62ED1E0048A42C /* PBXTargetDependency */,
			);
			fileSystemSynchronizedGroups = (
				DAB652CC2D62ED1E0048A42C /* ScoreBaseball01Tests */,
			);
			name = ScoreBaseball01Tests;
			packageProductDependencies = (
			);
			productName = ScoreBaseball01Tests;
			productReference = DAB652C92D62ED1E0048A42C /* ScoreBaseball01Tests.xctest */;
			productType = "com.apple.product-type.bundle.unit-test";
		};
		DAB652D22D62ED1E0048A42C /* ScoreBaseball01UITests */ = {
			isa = PBXNativeTarget;
			buildConfigurationList = DAB652E32D62ED1E0048A42C /* Build configuration list for PBXNativeTarget "ScoreBaseball01UITests" */;
			buildPhases = (
				DAB652CF2D62ED1E0048A42C /* Sources */,
				DAB652D02D62ED1E0048A42C /* Frameworks */,
				DAB652D12D62ED1E0048A42C /* Resources */,
			);
			buildRules = (
			);
			dependencies = (
				DAB652D52D62ED1E0048A42C /* PBXTargetDependency */,
			);
			fileSystemSynchronizedGroups = (
				DAB652D62D62ED1E0048A42C /* ScoreBaseball01UITests */,
			);
			name = ScoreBaseball01UITests;
			packageProductDependencies = (
			);
			productName = ScoreBaseball01UITests;
			productReference = DAB652D32D62ED1E0048A42C /* ScoreBaseball01UITests.xctest */;
			productType = "com.apple.product-type.bundle.ui-testing";
		};
/* End PBXNativeTarget section */

/* Begin PBXProject section */
		DAB652B12D62ED1D0048A42C /* Project object */ = {
			isa = PBXProject;
			attributes = {
				BuildIndependentTargetsInParallel = 1;
				LastSwiftUpdateCheck = 1620;
				LastUpgradeCheck = 1620;
				TargetAttributes = {
					DAB652B82D62ED1D0048A42C = {
						CreatedOnToolsVersion = 16.2;
					};
					DAB652C82D62ED1E0048A42C = {
						CreatedOnToolsVersion = 16.2;
						TestTargetID = DAB652B82D62ED1D0048A42C;
					};
					DAB652D22D62ED1E0048A42C = {
						CreatedOnToolsVersion = 16.2;
						TestTargetID = DAB652B82D62ED1D0048A42C;
					};
				};
			};
			buildConfigurationList = DAB652B42D62ED1D0048A42C /* Build configuration list for PBXProject "ScoreBaseball01" */;
			developmentRegion = en;
			hasScannedForEncodings = 0;
			knownRegions = (
				en,
				Base,
			);
			mainGroup = DAB652B02D62ED1D0048A42C;
			minimizedProjectReferenceProxies = 1;
			preferredProjectObjectVersion = 77;
			productRefGroup = DAB652BA2D62ED1D0048A42C /* Products */;
			projectDirPath = "";
			projectRoot = "";
			targets = (
				DAB652B82D62ED1D0048A42C /* ScoreBaseball01 */,
				DAB652C82D62ED1E0048A42C /* ScoreBaseball01Tests */,
				DAB652D22D62ED1E0048A42C /* ScoreBaseball01UITests */,
			);
		};
/* End PBXProject section */

/* Begin PBXResourcesBuildPhase section */
		DAB652B72D62ED1D0048A42C /* Resources */ = {
			isa = PBXResourcesBuildPhase;
			buildActionMask = 2147483647;
			files = (
			);
			runOnlyForDeploymentPostprocessing = 0;
		};
		DAB652C72D62ED1E0048A42C /* Resources */ = {
			isa = PBXResourcesBuildPhase;
			buildActionMask = 2147483647;
			files = (
			);
			runOnlyForDeploymentPostprocessing = 0;
		};
		DAB652D12D62ED1E0048A42C /* Resources */ = {
			isa = PBXResourcesBuildPhase;
			buildActionMask = 2147483647;
			files = (
			);
			runOnlyForDeploymentPostprocessing = 0;
		};
/* End PBXResourcesBuildPhase section */

/* Begin PBXSourcesBuildPhase section */
		DAB652B52D62ED1D0048A42C /* Sources */ = {
			isa = PBXSourcesBuildPhase;
			buildActionMask = 2147483647;
			files = (
			);
			runOnlyForDeploymentPostprocessing = 0;
		};
		DAB652C52D62ED1E0048A42C /* Sources */ = {
			isa = PBXSourcesBuildPhase;
			buildActionMask = 2147483647;
			files = (
			);
			runOnlyForDeploymentPostprocessing = 0;
		};
		DAB652CF2D62ED1E0048A42C /* Sources */ = {
			isa = PBXSourcesBuildPhase;
			buildActionMask = 2147483647;
			files = (
			);
			runOnlyForDeploymentPostprocessing = 0;
		};
/* End PBXSourcesBuildPhase section */

/* Begin PBXTargetDependency section */
		DAB652CB2D62ED1E0048A42C /* PBXTargetDependency */ = {
			isa = PBXTargetDependency;
			target = DAB652B82D62ED1D0048A42C /* ScoreBaseball01 */;
			targetProxy = DAB652CA2D62ED1E0048A42C /* PBXContainerItemProxy */;
		};
		DAB652D52D62ED1E0048A42C /* PBXTargetDependency */ = {
			isa = PBXTargetDependency;
			target = DAB652B82D62ED1D0048A42C /* ScoreBaseball01 */;
			targetProxy = DAB652D42D62ED1E0048A42C /* PBXContainerItemProxy */;
		};
/* End PBXTargetDependency section */

/* Begin XCBuildConfiguration section */
		DAB652DB2D62ED1E0048A42C /* Debug */ = {
			isa = XCBuildConfiguration;
			buildSettings = {
				ALWAYS_SEARCH_USER_PATHS = NO;
				ASSETCATALOG_COMPILER_GENERATE_SWIFT_ASSET_SYMBOL_EXTENSIONS = YES;
				CLANG_ANALYZER_NONNULL = YES;
				CLANG_ANALYZER_NUMBER_OBJECT_CONVERSION = YES_AGGRESSIVE;
				CLANG_CXX_LANGUAGE_STANDARD = "gnu++20";
				CLANG_ENABLE_MODULES = YES;
				CLANG_ENABLE_OBJC_ARC = YES;
				CLANG_ENABLE_OBJC_WEAK = YES;
				CLANG_WARN_BLOCK_CAPTURE_AUTORELEASING = YES;
				CLANG_WARN_BOOL_CONVERSION = YES;
				CLANG_WARN_COMMA = YES;
				CLANG_WARN_CONSTANT_CONVERSION = YES;
				CLANG_WARN_DEPRECATED_OBJC_IMPLEMENTATIONS = YES;
				CLANG_WARN_DIRECT_OBJC_ISA_USAGE = YES_ERROR;
				CLANG_WARN_DOCUMENTATION_COMMENTS = YES;
				CLANG_WARN_EMPTY_BODY = YES;
				CLANG_WARN_ENUM_CONVERSION = YES;
				CLANG_WARN_INFINITE_RECURSION = YES;
				CLANG_WARN_INT_CONVERSION = YES;
				CLANG_WARN_NON_LITERAL_NULL_CONVERSION = YES;
				CLANG_WARN_OBJC_IMPLICIT_RETAIN_SELF = YES;
				CLANG_WARN_OBJC_LITERAL_CONVERSION = YES;
				CLANG_WARN_OBJC_ROOT_CLASS = YES_ERROR;
				CLANG_WARN_QUOTED_INCLUDE_IN_FRAMEWORK_HEADER = YES;
				CLANG_WARN_RANGE_LOOP_ANALYSIS = YES;
				CLANG_WARN_STRICT_PROTOTYPES = YES;
				CLANG_WARN_SUSPICIOUS_MOVE = YES;
				CLANG_WARN_UNGUARDED_AVAILABILITY = YES_AGGRESSIVE;
				CLANG_WARN_UNREACHABLE_CODE = YES;
				CLANG_WARN__DUPLICATE_METHOD_MATCH = YES;
				COPY_PHASE_STRIP = NO;
				DEBUG_INFORMATION_FORMAT = dwarf;
				ENABLE_STRICT_OBJC_MSGSEND = YES;
				ENABLE_TESTABILITY = YES;
				ENABLE_USER_SCRIPT_SANDBOXING = YES;
				GCC_C_LANGUAGE_STANDARD = gnu17;
				GCC_DYNAMIC_NO_PIC = NO;
				GCC_NO_COMMON_BLOCKS = YES;
				GCC_OPTIMIZATION_LEVEL = 0;
				GCC_PREPROCESSOR_DEFINITIONS = (
					"DEBUG=1",
					"$(inherited)",
				);
				GCC_WARN_64_TO_32_BIT_CONVERSION = YES;
				GCC_WARN_ABOUT_RETURN_TYPE = YES_ERROR;
				GCC_WARN_UNDECLARED_SELECTOR = YES;
				GCC_WARN_UNINITIALIZED_AUTOS = YES_AGGRESSIVE;
				GCC_WARN_UNUSED_FUNCTION = YES;
				GCC_WARN_UNUSED_VARIABLE = YES;
				IPHONEOS_DEPLOYMENT_TARGET = 18.2;
				LOCALIZATION_PREFERS_STRING_CATALOGS = YES;
				MTL_ENABLE_DEBUG_INFO = INCLUDE_SOURCE;
				MTL_FAST_MATH = YES;
				ONLY_ACTIVE_ARCH = YES;
				SDKROOT = iphoneos;
				SWIFT_ACTIVE_COMPILATION_CONDITIONS = "DEBUG $(inherited)";
				SWIFT_OPTIMIZATION_LEVEL = "-Onone";
			};
			name = Debug;
		};
		DAB652DC2D62ED1E0048A42C /* Release */ = {
			isa = XCBuildConfiguration;
			buildSettings = {
				ALWAYS_SEARCH_USER_PATHS = NO;
				ASSETCATALOG_COMPILER_GENERATE_SWIFT_ASSET_SYMBOL_EXTENSIONS = YES;
				CLANG_ANALYZER_NONNULL = YES;
				CLANG_ANALYZER_NUMBER_OBJECT_CONVERSION = YES_AGGRESSIVE;
				CLANG_CXX_LANGUAGE_STANDARD = "gnu++20";
				CLANG_ENABLE_MODULES = YES;
				CLANG_ENABLE_OBJC_ARC = YES;
				CLANG_ENABLE_OBJC_WEAK = YES;
				CLANG_WARN_BLOCK_CAPTURE_AUTORELEASING = YES;
				CLANG_WARN_BOOL_CONVERSION = YES;
				CLANG_WARN_COMMA = YES;
				CLANG_WARN_CONSTANT_CONVERSION = YES;
				CLANG_WARN_DEPRECATED_OBJC_IMPLEMENTATIONS = YES;
				CLANG_WARN_DIRECT_OBJC_ISA_USAGE = YES_ERROR;
				CLANG_WARN_DOCUMENTATION_COMMENTS = YES;
				CLANG_WARN_EMPTY_BODY = YES;
				CLANG_WARN_ENUM_CONVERSION = YES;
				CLANG_WARN_INFINITE_RECURSION = YES;
				CLANG_WARN_INT_CONVERSION = YES;
				CLANG_WARN_NON_LITERAL_NULL_CONVERSION = YES;
				CLANG_WARN_OBJC_IMPLICIT_RETAIN_SELF = YES;
				CLANG_WARN_OBJC_LITERAL_CONVERSION = YES;
				CLANG_WARN_OBJC_ROOT_CLASS = YES_ERROR;
				CLANG_WARN_QUOTED_INCLUDE_IN_FRAMEWORK_HEADER = YES;
				CLANG_WARN_RANGE_LOOP_ANALYSIS = YES;
				CLANG_WARN_STRICT_PROTOTYPES = YES;
				CLANG_WARN_SUSPICIOUS_MOVE = YES;
				CLANG_WARN_UNGUARDED_AVAILABILITY = YES_AGGRESSIVE;
				CLANG_WARN_UNREACHABLE_CODE = YES;
				CLANG_WARN__DUPLICATE_METHOD_MATCH = YES;
				COPY_PHASE_STRIP = NO;
				DEBUG_INFORMATION_FORMAT = "dwarf-with-dsym";
				ENABLE_NS_ASSERTIONS = NO;
				ENABLE_STRICT_OBJC_MSGSEND = YES;
				ENABLE_USER_SCRIPT_SANDBOXING = YES;
				GCC_C_LANGUAGE_STANDARD = gnu17;
				GCC_NO_COMMON_BLOCKS = YES;
				GCC_WARN_64_TO_32_BIT_CONVERSION = YES;
				GCC_WARN_ABOUT_RETURN_TYPE = YES_ERROR;
				GCC_WARN_UNDECLARED_SELECTOR = YES;
				GCC_WARN_UNINITIALIZED_AUTOS = YES_AGGRESSIVE;
				GCC_WARN_UNUSED_FUNCTION = YES;
				GCC_WARN_UNUSED_VARIABLE = YES;
				IPHONEOS_DEPLOYMENT_TARGET = 18.2;
				LOCALIZATION_PREFERS_STRING_CATALOGS = YES;
				MTL_ENABLE_DEBUG_INFO = NO;
				MTL_FAST_MATH = YES;
				SDKROOT = iphoneos;
				SWIFT_COMPILATION_MODE = wholemodule;
				VALIDATE_PRODUCT = YES;
			};
			name = Release;
		};
		DAB652DE2D62ED1E0048A42C /* Debug */ = {
			isa = XCBuildConfiguration;
			buildSettings = {
				ASSETCATALOG_COMPILER_APPICON_NAME = AppIcon;
				ASSETCATALOG_COMPILER_GLOBAL_ACCENT_COLOR_NAME = AccentColor;
				CODE_SIGN_STYLE = Automatic;
				CURRENT_PROJECT_VERSION = 1;
				DEVELOPMENT_ASSET_PATHS = "\"ScoreBaseball01/Preview Content\"";
				ENABLE_PREVIEWS = YES;
				GENERATE_INFOPLIST_FILE = YES;
				INFOPLIST_KEY_UIApplicationSceneManifest_Generation = YES;
				INFOPLIST_KEY_UIApplicationSupportsIndirectInputEvents = YES;
				INFOPLIST_KEY_UILaunchScreen_Generation = YES;
				INFOPLIST_KEY_UISupportedInterfaceOrientations_iPad = "UIInterfaceOrientationPortrait UIInterfaceOrientationPortraitUpsideDown UIInterfaceOrientationLandscapeLeft UIInterfaceOrientationLandscapeRight";
				INFOPLIST_KEY_UISupportedInterfaceOrientations_iPhone = "UIInterfaceOrientationPortrait UIInterfaceOrientationLandscapeLeft UIInterfaceOrientationLandscapeRight";
				LD_RUNPATH_SEARCH_PATHS = (
					"$(inherited)",
					"@executable_path/Frameworks",
				);
				MARKETING_VERSION = 1.0;
				PRODUCT_BUNDLE_IDENTIFIER = org.comstudy.myapp.ScoreBaseball01;
				PRODUCT_NAME = "$(TARGET_NAME)";
				SWIFT_EMIT_LOC_STRINGS = YES;
				SWIFT_VERSION = 5.0;
				TARGETED_DEVICE_FAMILY = "1,2";
			};
			name = Debug;
		};
		DAB652DF2D62ED1E0048A42C /* Release */ = {
			isa = XCBuildConfiguration;
			buildSettings = {
				ASSETCATALOG_COMPILER_APPICON_NAME = AppIcon;
				ASSETCATALOG_COMPILER_GLOBAL_ACCENT_COLOR_NAME = AccentColor;
				CODE_SIGN_STYLE = Automatic;
				CURRENT_PROJECT_VERSION = 1;
				DEVELOPMENT_ASSET_PATHS = "\"ScoreBaseball01/Preview Content\"";
				ENABLE_PREVIEWS = YES;
				GENERATE_INFOPLIST_FILE = YES;
				INFOPLIST_KEY_UIApplicationSceneManifest_Generation = YES;
				INFOPLIST_KEY_UIApplicationSupportsIndirectInputEvents = YES;
				INFOPLIST_KEY_UILaunchScreen_Generation = YES;
				INFOPLIST_KEY_UISupportedInterfaceOrientations_iPad = "UIInterfaceOrientationPortrait UIInterfaceOrientationPortraitUpsideDown UIInterfaceOrientationLandscapeLeft UIInterfaceOrientationLandscapeRight";
				INFOPLIST_KEY_UISupportedInterfaceOrientations_iPhone = "UIInterfaceOrientationPortrait UIInterfaceOrientationLandscapeLeft UIInterfaceOrientationLandscapeRight";
				LD_RUNPATH_SEARCH_PATHS = (
					"$(inherited)",
					"@executable_path/Frameworks",
				);
				MARKETING_VERSION = 1.0;
				PRODUCT_BUNDLE_IDENTIFIER = org.comstudy.myapp.ScoreBaseball01;
				PRODUCT_NAME = "$(TARGET_NAME)";
				SWIFT_EMIT_LOC_STRINGS = YES;
				SWIFT_VERSION = 5.0;
				TARGETED_DEVICE_FAMILY = "1,2";
			};
			name = Release;
		};
		DAB652E12D62ED1E0048A42C /* Debug */ = {
			isa = XCBuildConfiguration;
			buildSettings = {
				BUNDLE_LOADER = "$(TEST_HOST)";
				CODE_SIGN_STYLE = Automatic;
				CURRENT_PROJECT_VERSION = 1;
				GENERATE_INFOPLIST_FILE = YES;
				IPHONEOS_DEPLOYMENT_TARGET = 18.2;
				MARKETING_VERSION = 1.0;
				PRODUCT_BUNDLE_IDENTIFIER = org.comstudy.myapp.ScoreBaseball01Tests;
				PRODUCT_NAME = "$(TARGET_NAME)";
				SWIFT_EMIT_LOC_STRINGS = NO;
				SWIFT_VERSION = 5.0;
				TARGETED_DEVICE_FAMILY = "1,2";
				TEST_HOST = "$(BUILT_PRODUCTS_DIR)/ScoreBaseball01.app/$(BUNDLE_EXECUTABLE_FOLDER_PATH)/ScoreBaseball01";
			};
			name = Debug;
		};
		DAB652E22D62ED1E0048A42C /* Release */ = {
			isa = XCBuildConfiguration;
			buildSettings = {
				BUNDLE_LOADER = "$(TEST_HOST)";
				CODE_SIGN_STYLE = Automatic;
				CURRENT_PROJECT_VERSION = 1;
				GENERATE_INFOPLIST_FILE = YES;
				IPHONEOS_DEPLOYMENT_TARGET = 18.2;
				MARKETING_VERSION = 1.0;
				PRODUCT_BUNDLE_IDENTIFIER = org.comstudy.myapp.ScoreBaseball01Tests;
				PRODUCT_NAME = "$(TARGET_NAME)";
				SWIFT_EMIT_LOC_STRINGS = NO;
				SWIFT_VERSION = 5.0;
				TARGETED_DEVICE_FAMILY = "1,2";
				TEST_HOST = "$(BUILT_PRODUCTS_DIR)/ScoreBaseball01.app/$(BUNDLE_EXECUTABLE_FOLDER_PATH)/ScoreBaseball01";
			};
			name = Release;
		};
		DAB652E42D62ED1E0048A42C /* Debug */ = {
			isa = XCBuildConfiguration;
			buildSettings = {
				CODE_SIGN_STYLE = Automatic;
				CURRENT_PROJECT_VERSION = 1;
				GENERATE_INFOPLIST_FILE = YES;
				MARKETING_VERSION = 1.0;
				PRODUCT_BUNDLE_IDENTIFIER = org.comstudy.myapp.ScoreBaseball01UITests;
				PRODUCT_NAME = "$(TARGET_NAME)";
				SWIFT_EMIT_LOC_STRINGS = NO;
				SWIFT_VERSION = 5.0;
				TARGETED_DEVICE_FAMILY = "1,2";
				TEST_TARGET_NAME = ScoreBaseball01;
			};
			name = Debug;
		};
		DAB652E52D62ED1E0048A42C /* Release */ = {
			isa = XCBuildConfiguration;
			buildSettings = {
				CODE_SIGN_STYLE = Automatic;
				CURRENT_PROJECT_VERSION = 1;
				GENERATE_INFOPLIST_FILE = YES;
				MARKETING_VERSION = 1.0;
				PRODUCT_BUNDLE_IDENTIFIER = org.comstudy.myapp.ScoreBaseball01UITests;
				PRODUCT_NAME = "$(TARGET_NAME)";
				SWIFT_EMIT_LOC_STRINGS = NO;
				SWIFT_VERSION = 5.0;
				TARGETED_DEVICE_FAMILY = "1,2";
				TEST_TARGET_NAME = ScoreBaseball01;
			};
			name = Release;
		};
/* End XCBuildConfiguration section */

/* Begin XCConfigurationList section */
		DAB652B42D62ED1D0048A42C /* Build configuration list for PBXProject "ScoreBaseball01" */ = {
			isa = XCConfigurationList;
			buildConfigurations = (
				DAB652DB2D62ED1E0048A42C /* Debug */,
				DAB652DC2D62ED1E0048A42C /* Release */,
			);
			defaultConfigurationIsVisible = 0;
			defaultConfigurationName = Release;
		};
		DAB652DD2D62ED1E0048A42C /* Build configuration list for PBXNativeTarget "ScoreBaseball01" */ = {
			isa = XCConfigurationList;
			buildConfigurations = (
				DAB652DE2D62ED1E0048A42C /* Debug */,
				DAB652DF2D62ED1E0048A42C /* Release */,
			);
			defaultConfigurationIsVisible = 0;
			defaultConfigurationName = Release;
		};
		DAB652E02D62ED1E0048A42C /* Build configuration list for PBXNativeTarget "ScoreBaseball01Tests" */ = {
			isa = XCConfigurationList;
			buildConfigurations = (
				DAB652E12D62ED1E0048A42C /* Debug */,
				DAB652E22D62ED1E0048A42C /* Release */,
			);
			defaultConfigurationIsVisible = 0;
			defaultConfigurationName = Release;
		};
		DAB652E32D62ED1E0048A42C /* Build configuration list for PBXNativeTarget "ScoreBaseball01UITests" */ = {
			isa = XCConfigurationList;
			buildConfigurations = (
				DAB652E42D62ED1E0048A42C /* Debug */,
				DAB652E52D62ED1E0048A42C /* Release */,
			);
			defaultConfigurationIsVisible = 0;
			defaultConfigurationName = Release;
		};
/* End XCConfigurationList section */
	};
	rootObject = DAB652B12D62ED1D0048A42C /* Project object */;
}
